
Microsoft Visual Studio Solution File, Format Version 12.00
# Visual Studio 14
VisualStudioVersion = 14.0.25420.1
MinimumVisualStudioVersion = 10.0.40219.1
Project("{888888A0-9F3D-457C-B088-3A5042F75D52}") = "MaximumIntensityProjection", "MaximumIntensityProjection\MaximumIntensityProjection.pyproj", "{E2DF30AC-3797-4929-B87E-5E1B78B771E7}"
EndProject
Global
	GlobalSection(SolutionConfigurationPlatforms) = preSolution
		Debug|Any CPU = Debug|Any CPU
		Release|Any CPU = Release|Any CPU
	EndGlobalSection
	GlobalSection(ProjectConfigurationPlatforms) = postSolution
		{E2DF30AC-3797-4929-B87E-5E1B78B771E7}.Debug|Any CPU.ActiveCfg = Debug|Any CPU
		{E2DF30AC-3797-4929-B87E-5E1B78B771E7}.Release|Any CPU.ActiveCfg = Release|Any CPU
	EndGlobalSection
	GlobalSection(SolutionProperties) = preSolution
		HideSolutionNode = FALSE
	EndGlobalSection
EndGlobal
